{
  "name": "book",
  "version": "1.0.0",
  "lockfileVersion": 3,
  "requires": true,
  "packages": {
    "": {
      "name": "book",
      "version": "1.0.0",
      "license": "ISC",
      "dependencies": {
        "@iconify/json": "^2.2.351"
      }
    },
    "node_modules/@iconify/json": {
      "version": "2.2.351",
      "resolved": "https://registry.npmjs.org/@iconify/json/-/json-2.2.351.tgz",
      "integrity": "sha512-xZnNLPmnkRFpsQG+v9f0b7pQewIKz/ueJL7vAMLSBuw76UdL2SJ86pTCPUe0dgcZ8CdZ6pylUU+mTut0iB9DGQ==",
      "dependencies": {
        "@iconify/types": "*",
        "pathe": "^1.1.2"
      }
    },
    "node_modules/@iconify/types": {
      "version": "2.0.0",
      "resolved": "https://registry.npmjs.org/@iconify/types/-/types-2.0.0.tgz",
      "integrity": "sha512-+wluvCrRhXrhyOmRDJ3q8mux9JkKy5SJ/v8ol2tu4FVjyYvtEzkc/3pK15ET6RKg4b4w4BmTk1+gsCUhf21Ykg=="
    },
    "node_modules/pathe": {
      "version": "1.1.2",
      "resolved": "https://registry.npmjs.org/pathe/-/pathe-1.1.2.tgz",
      "integrity": "sha512-whLdWMYL2TwI08hn8/ZqAbrVemu0LNaNNJZX73O6qaIdCTfXutsLhMkjdENX0qhsQ9uIimo4/aQOmXkoon2nDQ=="
    }
  }
}
