lockfileVersion: '9.0'

settings:
  autoInstallPeers: true
  excludeLinksFromLockfile: false

importers:

  .:
    devDependencies:
      '@iconify/json':
        specifier: ^2.2.435
        version: 2.2.435

packages:

  '@iconify/json@2.2.435':
    resolution: {integrity: sha512-QK5fPcA8zHwDhWEU9TvoaFrf61dADHC/rl8i2iKdXyVDodo6TTVnin7OMiyrHT19b4Y5lQofgdS7UW+jiF7dSg==}

  '@iconify/types@2.0.0':
    resolution: {integrity: sha512-+wluvCrRhXrhyOmRDJ3q8mux9JkKy5SJ/v8ol2tu4FVjyYvtEzkc/3pK15ET6RKg4b4w4BmTk1+gsCUhf21Ykg==}

  pathe@2.0.3:
    resolution: {integrity: sha512-WUjGcAqP1gQacoQe+OBJsFA7Ld4DyXuUIjZ5cc75cLHvJ7dtNsTugphxIADwspS+AraAUePCKrSVtPLFj/F88w==}

snapshots:

  '@iconify/json@2.2.435':
    dependencies:
      '@iconify/types': 2.0.0
      pathe: 2.0.3

  '@iconify/types@2.0.0': {}

  pathe@2.0.3: {}
